
Microsoft Visual Studio Solution File, Format Version 12.00
# Visual Studio 2012
Project("{FAE04EC0-301F-11D3-BF4B-00C04F79EFBC}") = "Launchpad", "Launchpad\Launchpad.csproj", "{80164A54-FEBD-4777-95A7-FFAB8885DBBD}"
EndProject
Global
	GlobalSection(SolutionConfigurationPlatforms) = preSolution
		Debug|Any CPU = Debug|Any CPU
		Release|Any CPU = Release|Any CPU
	EndGlobalSection
	GlobalSection(ProjectConfigurationPlatforms) = postSolution
		{80164A54-FEBD-4777-95A7-FFAB8885DBBD}.Debug|Any CPU.ActiveCfg = Debug|Any CPU
		{80164A54-FEBD-4777-95A7-FFAB8885DBBD}.Debug|Any CPU.Build.0 = Debug|Any CPU
		{80164A54-FEBD-4777-95A7-FFAB8885DBBD}.Release|Any CPU.ActiveCfg = Release|Any CPU
		{80164A54-FEBD-4777-95A7-FFAB8885DBBD}.Release|Any CPU.Build.0 = Release|Any CPU
	EndGlobalSection
	GlobalSection(SolutionProperties) = preSolution
		HideSolutionNode = FALSE
	EndGlobalSection
	GlobalSection(MonoDevelopProperties) = preSolution
		StartupItem = Launchpad\Launchpad.csproj
	EndGlobalSection
EndGlobal
